
Microsoft Visual Studio Solution File, Format Version 12.00
# Visual Studio Version 16
VisualStudioVersion = 16.0.29926.136
MinimumVisualStudioVersion = 10.0.40219.1
Project("{8BC9CEB8-8B4A-11D0-8D11-00A0C91BC942}") = "BML", "BML.vcxproj", "{AA1E451D-C0D7-415F-8186-4CE370C75314}"
EndProject
Global
	GlobalSection(SolutionConfigurationPlatforms) = preSolution
		Debug|x64 = Debug|x64
		Debug|x86 = Debug|x86
		DebugRelease|x64 = DebugRelease|x64
		DebugRelease|x86 = DebugRelease|x86
		Release|x64 = Release|x64
		Release|x86 = Release|x86
	EndGlobalSection
	GlobalSection(ProjectConfigurationPlatforms) = postSolution
		{AA1E451D-C0D7-415F-8186-4CE370C75314}.Debug|x64.ActiveCfg = Debug|x64
		{AA1E451D-C0D7-415F-8186-4CE370C75314}.Debug|x64.Build.0 = Debug|x64
		{AA1E451D-C0D7-415F-8186-4CE370C75314}.Debug|x86.ActiveCfg = Debug|Win32
		{AA1E451D-C0D7-415F-8186-4CE370C75314}.Debug|x86.Build.0 = Debug|Win32
		{AA1E451D-C0D7-415F-8186-4CE370C75314}.DebugRelease|x64.ActiveCfg = DebugRelease|x64
		{AA1E451D-C0D7-415F-8186-4CE370C75314}.DebugRelease|x64.Build.0 = DebugRelease|x64
		{AA1E451D-C0D7-415F-8186-4CE370C75314}.DebugRelease|x86.ActiveCfg = DebugRelease|Win32
		{AA1E451D-C0D7-415F-8186-4CE370C75314}.DebugRelease|x86.Build.0 = DebugRelease|Win32
		{AA1E451D-C0D7-415F-8186-4CE370C75314}.Release|x64.ActiveCfg = Release|x64
		{AA1E451D-C0D7-415F-8186-4CE370C75314}.Release|x64.Build.0 = Release|x64
		{AA1E451D-C0D7-415F-8186-4CE370C75314}.Release|x86.ActiveCfg = Release|Win32
		{AA1E451D-C0D7-415F-8186-4CE370C75314}.Release|x86.Build.0 = Release|Win32
	EndGlobalSection
	GlobalSection(SolutionProperties) = preSolution
		HideSolutionNode = FALSE
	EndGlobalSection
	GlobalSection(ExtensibilityGlobals) = postSolution
		SolutionGuid = {6F20D446-AF3D-4098-A9BE-1CFE4F509336}
	EndGlobalSection
EndGlobal
